
Microsoft Visual Studio Solution File, Format Version 12.00
# Visual Studio Version 17
VisualStudioVersion = 17.14.36401.2 d17.14
MinimumVisualStudioVersion = 10.0.40219.1
Project("{FAE04EC0-301F-11D3-BF4B-00C04F79EFBC}") = "ToDoApp.Controller", "ToDoApp.Controller\ToDoApp.Controller.csproj", "{4E4361AE-9D77-4BE7-A7EA-EF750A792708}"
	ProjectSection(ProjectDependencies) = postProject
		{012FFCA1-DAE2-4389-8E5B-220555888FA6} = {012FFCA1-DAE2-4389-8E5B-220555888FA6}
	EndProjectSection
EndProject
Project("{FAE04EC0-301F-11D3-BF4B-00C04F79EFBC}") = "ToDoApp.DataAccess", "ToDoApp.DataAccess\ToDoApp.DataAccess.csproj", "{2D8E0C13-08E2-49DB-AEC5-26B684FBCD06}"
	ProjectSection(ProjectDependencies) = postProject
		{47BC2C7E-0BA4-4FFA-915B-4F1F48DCB830} = {47BC2C7E-0BA4-4FFA-915B-4F1F48DCB830}
	EndProjectSection
EndProject
Project("{FAE04EC0-301F-11D3-BF4B-00C04F79EFBC}") = "ToDoApp.Services", "ToDoApp.Services\ToDoApp.Services.csproj", "{012FFCA1-DAE2-4389-8E5B-220555888FA6}"
	ProjectSection(ProjectDependencies) = postProject
		{2D8E0C13-08E2-49DB-AEC5-26B684FBCD06} = {2D8E0C13-08E2-49DB-AEC5-26B684FBCD06}
	EndProjectSection
EndProject
Project("{FAE04EC0-301F-11D3-BF4B-00C04F79EFBC}") = "ToDoApp.Models", "ToDoApp.Models\ToDoApp.Models.csproj", "{47BC2C7E-0BA4-4FFA-915B-4F1F48DCB830}"
EndProject
Global
	GlobalSection(SolutionConfigurationPlatforms) = preSolution
		Debug|Any CPU = Debug|Any CPU
		Release|Any CPU = Release|Any CPU
	EndGlobalSection
	GlobalSection(ProjectConfigurationPlatforms) = postSolution
		{4E4361AE-9D77-4BE7-A7EA-EF750A792708}.Debug|Any CPU.ActiveCfg = Debug|Any CPU
		{4E4361AE-9D77-4BE7-A7EA-EF750A792708}.Debug|Any CPU.Build.0 = Debug|Any CPU
		{4E4361AE-9D77-4BE7-A7EA-EF750A792708}.Release|Any CPU.ActiveCfg = Release|Any CPU
		{4E4361AE-9D77-4BE7-A7EA-EF750A792708}.Release|Any CPU.Build.0 = Release|Any CPU
		{2D8E0C13-08E2-49DB-AEC5-26B684FBCD06}.Debug|Any CPU.ActiveCfg = Debug|Any CPU
		{2D8E0C13-08E2-49DB-AEC5-26B684FBCD06}.Debug|Any CPU.Build.0 = Debug|Any CPU
		{2D8E0C13-08E2-49DB-AEC5-26B684FBCD06}.Release|Any CPU.ActiveCfg = Release|Any CPU
		{2D8E0C13-08E2-49DB-AEC5-26B684FBCD06}.Release|Any CPU.Build.0 = Release|Any CPU
		{012FFCA1-DAE2-4389-8E5B-220555888FA6}.Debug|Any CPU.ActiveCfg = Debug|Any CPU
		{012FFCA1-DAE2-4389-8E5B-220555888FA6}.Debug|Any CPU.Build.0 = Debug|Any CPU
		{012FFCA1-DAE2-4389-8E5B-220555888FA6}.Release|Any CPU.ActiveCfg = Release|Any CPU
		{012FFCA1-DAE2-4389-8E5B-220555888FA6}.Release|Any CPU.Build.0 = Release|Any CPU
		{47BC2C7E-0BA4-4FFA-915B-4F1F48DCB830}.Debug|Any CPU.ActiveCfg = Debug|Any CPU
		{47BC2C7E-0BA4-4FFA-915B-4F1F48DCB830}.Debug|Any CPU.Build.0 = Debug|Any CPU
		{47BC2C7E-0BA4-4FFA-915B-4F1F48DCB830}.Release|Any CPU.ActiveCfg = Release|Any CPU
		{47BC2C7E-0BA4-4FFA-915B-4F1F48DCB830}.Release|Any CPU.Build.0 = Release|Any CPU
	EndGlobalSection
	GlobalSection(SolutionProperties) = preSolution
		HideSolutionNode = FALSE
	EndGlobalSection
	GlobalSection(ExtensibilityGlobals) = postSolution
		SolutionGuid = {5BB97A83-EB3A-4143-B8C1-81D141C263B3}
	EndGlobalSection
EndGlobal
